
Microsoft Visual Studio Solution File, Format Version 12.00
# Visual Studio Version 17
VisualStudioVersion = 17.8.34525.116
MinimumVisualStudioVersion = 10.0.40219.1
Project("{FAE04EC0-301F-11D3-BF4B-00C04F79EFBC}") = "GastosResidenciais.Api", "GastosResidenciais.Api\GastosResidenciais.Api.csproj", "{0CD138CE-BC56-4DFA-8953-3A07851A007E}"
EndProject
Global
	GlobalSection(SolutionConfigurationPlatforms) = preSolution
		Debug|Any CPU = Debug|Any CPU
		Release|Any CPU = Release|Any CPU
	EndGlobalSection
	GlobalSection(ProjectConfigurationPlatforms) = postSolution
		{0CD138CE-BC56-4DFA-8953-3A07851A007E}.Debug|Any CPU.ActiveCfg = Debug|Any CPU
		{0CD138CE-BC56-4DFA-8953-3A07851A007E}.Debug|Any CPU.Build.0 = Debug|Any CPU
		{0CD138CE-BC56-4DFA-8953-3A07851A007E}.Release|Any CPU.ActiveCfg = Release|Any CPU
		{0CD138CE-BC56-4DFA-8953-3A07851A007E}.Release|Any CPU.Build.0 = Release|Any CPU
	EndGlobalSection
	GlobalSection(SolutionProperties) = preSolution
		HideSolutionNode = FALSE
	EndGlobalSection
	GlobalSection(ExtensibilityGlobals) = postSolution
		SolutionGuid = {8924A5E8-9310-4D38-B431-D858C5000ECD}
	EndGlobalSection
EndGlobal
